
Microsoft Visual Studio Solution File, Format Version 12.00
# Visual Studio Version 17
VisualStudioVersion = 17.5.33530.505
MinimumVisualStudioVersion = 10.0.40219.1
Project("{FAE04EC0-301F-11D3-BF4B-00C04F79EFBC}") = "Lista02Modificada", "Lista02Modificada.csproj", "{C3AF8D93-5FBE-4473-A083-A1B65D5E210C}"
EndProject
Global
	GlobalSection(SolutionConfigurationPlatforms) = preSolution
		Debug|Any CPU = Debug|Any CPU
		Release|Any CPU = Release|Any CPU
	EndGlobalSection
	GlobalSection(ProjectConfigurationPlatforms) = postSolution
		{C3AF8D93-5FBE-4473-A083-A1B65D5E210C}.Debug|Any CPU.ActiveCfg = Debug|Any CPU
		{C3AF8D93-5FBE-4473-A083-A1B65D5E210C}.Debug|Any CPU.Build.0 = Debug|Any CPU
		{C3AF8D93-5FBE-4473-A083-A1B65D5E210C}.Release|Any CPU.ActiveCfg = Release|Any CPU
		{C3AF8D93-5FBE-4473-A083-A1B65D5E210C}.Release|Any CPU.Build.0 = Release|Any CPU
	EndGlobalSection
	GlobalSection(SolutionProperties) = preSolution
		HideSolutionNode = FALSE
	EndGlobalSection
	GlobalSection(ExtensibilityGlobals) = postSolution
		SolutionGuid = {16CB9011-97A5-4E61-9A36-991E94B329A6}
	EndGlobalSection
EndGlobal
