
Microsoft Visual Studio Solution File, Format Version 12.00
# Visual Studio Version 17
VisualStudioVersion = 17.5.33530.505
MinimumVisualStudioVersion = 10.0.40219.1
Project("{FAE04EC0-301F-11D3-BF4B-00C04F79EFBC}") = "Lista01", "Lista01.csproj", "{EFABB9EE-6FD3-4698-AB83-1F5963F6F436}"
EndProject
Global
	GlobalSection(SolutionConfigurationPlatforms) = preSolution
		Debug|Any CPU = Debug|Any CPU
		Release|Any CPU = Release|Any CPU
	EndGlobalSection
	GlobalSection(ProjectConfigurationPlatforms) = postSolution
		{EFABB9EE-6FD3-4698-AB83-1F5963F6F436}.Debug|Any CPU.ActiveCfg = Debug|Any CPU
		{EFABB9EE-6FD3-4698-AB83-1F5963F6F436}.Debug|Any CPU.Build.0 = Debug|Any CPU
		{EFABB9EE-6FD3-4698-AB83-1F5963F6F436}.Release|Any CPU.ActiveCfg = Release|Any CPU
		{EFABB9EE-6FD3-4698-AB83-1F5963F6F436}.Release|Any CPU.Build.0 = Release|Any CPU
	EndGlobalSection
	GlobalSection(SolutionProperties) = preSolution
		HideSolutionNode = FALSE
	EndGlobalSection
	GlobalSection(ExtensibilityGlobals) = postSolution
		SolutionGuid = {9DA5753E-EAE7-4DEB-B01E-B093CB445E80}
	EndGlobalSection
EndGlobal
