
Microsoft Visual Studio Solution File, Format Version 12.00
# Visual Studio Version 17
VisualStudioVersion = 17.5.33530.505
MinimumVisualStudioVersion = 10.0.40219.1
Project("{FAE04EC0-301F-11D3-BF4B-00C04F79EFBC}") = "Ativ_Avalia_01_e_02", "Ativ_Avalia_01_e_02.csproj", "{DA19D83E-F488-42EF-A41B-2727EFEE4183}"
EndProject
Global
	GlobalSection(SolutionConfigurationPlatforms) = preSolution
		Debug|Any CPU = Debug|Any CPU
		Release|Any CPU = Release|Any CPU
	EndGlobalSection
	GlobalSection(ProjectConfigurationPlatforms) = postSolution
		{DA19D83E-F488-42EF-A41B-2727EFEE4183}.Debug|Any CPU.ActiveCfg = Debug|Any CPU
		{DA19D83E-F488-42EF-A41B-2727EFEE4183}.Debug|Any CPU.Build.0 = Debug|Any CPU
		{DA19D83E-F488-42EF-A41B-2727EFEE4183}.Release|Any CPU.ActiveCfg = Release|Any CPU
		{DA19D83E-F488-42EF-A41B-2727EFEE4183}.Release|Any CPU.Build.0 = Release|Any CPU
	EndGlobalSection
	GlobalSection(SolutionProperties) = preSolution
		HideSolutionNode = FALSE
	EndGlobalSection
	GlobalSection(ExtensibilityGlobals) = postSolution
		SolutionGuid = {1228E25A-75D4-45BB-BB53-D1E29105A9DB}
	EndGlobalSection
EndGlobal
